{
  "version": 4,
  "terraform_version": "1.8.1",
  "serial": 223,
  "lineage": "9e20a133-3854-0ff6-214a-187d16178725",
  "outputs": {},
  "resources": [
    {
      "mode": "data",
      "type": "azurerm_client_config",
      "name": "current",
      "provider": "provider[\"registry.terraform.io/hashicorp/azurerm\"]",
      "instances": [
        {
          "schema_version": 0,
          "attributes": {
            "client_id": "04b07795-8ddb-461a-bbee-02f9e1bf7b46",
            "id": "Y2xpZW50Q29uZmlncy9jbGllbnRJZD0wNGIwNzc5NS04ZGRiLTQ2MWEtYmJlZS0wMmY5ZTFiZjdiNDY7b2JqZWN0SWQ9ZjRhNzExYjYtMzBlZi00ZTRlLTk5YmMtNGZkMDM3M2RmNmU3O3N1YnNjcmlwdGlvbklkPWFlZDg5ZTBmLTUwYTEtNDFkYy05YzFhLTAxMzBlY2U3NDkwMjt0ZW5hbnRJZD0zMWQzMjJlMi03NjlmLTQ3MWQtOGFkYy1lYTY2YTE5NmRkY2Y=",
            "object_id": "f4a711b6-30ef-4e4e-99bc-4fd0373df6e7",
            "subscription_id": "aed89e0f-50a1-41dc-9c1a-0130ece74902",
            "tenant_id": "31d322e2-769f-471d-8adc-ea66a196ddcf",
            "timeouts": null
          },
          "sensitive_attributes": []
        }
      ]
    },
    {
      "mode": "managed",
      "type": "azurerm_application_gateway",
      "name": "app_gateway",
      "provider": "provider[\"registry.terraform.io/hashicorp/azurerm\"]",
      "instances": [
        {
          "schema_version": 0,
          "attributes": {
            "authentication_certificate": [],
            "autoscale_configuration": [],
            "backend_address_pool": [
              {
                "fqdns": [
                  "app-dev-codepacer-01.azurewebsites.net"
                ],
                "id": "/subscriptions/aed89e0f-50a1-41dc-9c1a-0130ece74902/resourceGroups/rg-dev-codepacer-01/providers/Microsoft.Network/applicationGateways/app-gateway-dev-codepacer-01/backendAddressPools/vnet-dev-codepacer-01-beap",
                "ip_addresses": [],
                "name": "vnet-dev-codepacer-01-beap"
              }
            ],
            "backend_http_settings": [
              {
                "affinity_cookie_name": "",
                "authentication_certificate": [],
                "connection_draining": [],
                "cookie_based_affinity": "Disabled",
                "host_name": "",
                "id": "/subscriptions/aed89e0f-50a1-41dc-9c1a-0130ece74902/resourceGroups/rg-dev-codepacer-01/providers/Microsoft.Network/applicationGateways/app-gateway-dev-codepacer-01/backendHttpSettingsCollection/vnet-dev-codepacer-01-https",
                "name": "vnet-dev-codepacer-01-https",
                "path": "",
                "pick_host_name_from_backend_address": true,
                "port": 443,
                "probe_id": "",
                "probe_name": "",
                "protocol": "Https",
                "request_timeout": 30,
                "trusted_root_certificate_names": []
              }
            ],
            "custom_error_configuration": [],
            "enable_http2": false,
            "fips_enabled": false,
            "firewall_policy_id": "",
            "force_firewall_policy_association": false,
            "frontend_ip_configuration": [
              {
                "id": "/subscriptions/aed89e0f-50a1-41dc-9c1a-0130ece74902/resourceGroups/rg-dev-codepacer-01/providers/Microsoft.Network/applicationGateways/app-gateway-dev-codepacer-01/frontendIPConfigurations/vnet-dev-codepacer-01-feip",
                "name": "vnet-dev-codepacer-01-feip",
                "private_ip_address": "",
                "private_ip_address_allocation": "Dynamic",
                "private_link_configuration_id": "",
                "private_link_configuration_name": "",
                "public_ip_address_id": "/subscriptions/aed89e0f-50a1-41dc-9c1a-0130ece74902/resourceGroups/rg-dev-codepacer-01/providers/Microsoft.Network/publicIPAddresses/pip-dev-codepacer-01",
                "subnet_id": ""
              }
            ],
            "frontend_port": [
              {
                "id": "/subscriptions/aed89e0f-50a1-41dc-9c1a-0130ece74902/resourceGroups/rg-dev-codepacer-01/providers/Microsoft.Network/applicationGateways/app-gateway-dev-codepacer-01/frontendPorts/vnet-dev-codepacer-01-fep",
                "name": "vnet-dev-codepacer-01-fep",
                "port": 443
              }
            ],
            "gateway_ip_configuration": [
              {
                "id": "/subscriptions/aed89e0f-50a1-41dc-9c1a-0130ece74902/resourceGroups/rg-dev-codepacer-01/providers/Microsoft.Network/applicationGateways/app-gateway-dev-codepacer-01/gatewayIPConfigurations/app-gateway-subnet-dev-codepacer-01",
                "name": "app-gateway-subnet-dev-codepacer-01",
                "subnet_id": "/subscriptions/aed89e0f-50a1-41dc-9c1a-0130ece74902/resourceGroups/rg-dev-codepacer-01/providers/Microsoft.Network/virtualNetworks/vnet-dev-codepacer-01/subnets/subnet-dev-codepacer-01"
              }
            ],
            "global": [],
            "http_listener": [
              {
                "custom_error_configuration": [],
                "firewall_policy_id": "",
                "frontend_ip_configuration_id": "/subscriptions/aed89e0f-50a1-41dc-9c1a-0130ece74902/resourceGroups/rg-dev-codepacer-01/providers/Microsoft.Network/applicationGateways/app-gateway-dev-codepacer-01/frontendIPConfigurations/vnet-dev-codepacer-01-feip",
                "frontend_ip_configuration_name": "vnet-dev-codepacer-01-feip",
                "frontend_port_id": "/subscriptions/aed89e0f-50a1-41dc-9c1a-0130ece74902/resourceGroups/rg-dev-codepacer-01/providers/Microsoft.Network/applicationGateways/app-gateway-dev-codepacer-01/frontendPorts/vnet-dev-codepacer-01-fep",
                "frontend_port_name": "vnet-dev-codepacer-01-fep",
                "host_name": "",
                "host_names": [],
                "id": "/subscriptions/aed89e0f-50a1-41dc-9c1a-0130ece74902/resourceGroups/rg-dev-codepacer-01/providers/Microsoft.Network/applicationGateways/app-gateway-dev-codepacer-01/httpListeners/vnet-dev-codepacer-01-listener",
                "name": "vnet-dev-codepacer-01-listener",
                "protocol": "Https",
                "require_sni": false,
                "ssl_certificate_id": "/subscriptions/aed89e0f-50a1-41dc-9c1a-0130ece74902/resourceGroups/rg-dev-codepacer-01/providers/Microsoft.Network/applicationGateways/app-gateway-dev-codepacer-01/sslCertificates/cert-dev-codepacer-01",
                "ssl_certificate_name": "cert-dev-codepacer-01",
                "ssl_profile_id": "",
                "ssl_profile_name": ""
              }
            ],
            "id": "/subscriptions/aed89e0f-50a1-41dc-9c1a-0130ece74902/resourceGroups/rg-dev-codepacer-01/providers/Microsoft.Network/applicationGateways/app-gateway-dev-codepacer-01",
            "identity": [
              {
                "identity_ids": [
                  "/subscriptions/aed89e0f-50a1-41dc-9c1a-0130ece74902/resourceGroups/rg-dev-codepacer-01/providers/Microsoft.ManagedIdentity/userAssignedIdentities/mi-dev-codepacer-01"
                ],
                "type": "UserAssigned"
              }
            ],
            "location": "eastus",
            "name": "app-gateway-dev-codepacer-01",
            "private_endpoint_connection": [],
            "private_link_configuration": [],
            "probe": [],
            "redirect_configuration": [],
            "request_routing_rule": [
              {
                "backend_address_pool_id": "/subscriptions/aed89e0f-50a1-41dc-9c1a-0130ece74902/resourceGroups/rg-dev-codepacer-01/providers/Microsoft.Network/applicationGateways/app-gateway-dev-codepacer-01/backendAddressPools/vnet-dev-codepacer-01-beap",
                "backend_address_pool_name": "vnet-dev-codepacer-01-beap",
                "backend_http_settings_id": "/subscriptions/aed89e0f-50a1-41dc-9c1a-0130ece74902/resourceGroups/rg-dev-codepacer-01/providers/Microsoft.Network/applicationGateways/app-gateway-dev-codepacer-01/backendHttpSettingsCollection/vnet-dev-codepacer-01-https",
                "backend_http_settings_name": "vnet-dev-codepacer-01-https",
                "http_listener_id": "/subscriptions/aed89e0f-50a1-41dc-9c1a-0130ece74902/resourceGroups/rg-dev-codepacer-01/providers/Microsoft.Network/applicationGateways/app-gateway-dev-codepacer-01/httpListeners/vnet-dev-codepacer-01-listener",
                "http_listener_name": "vnet-dev-codepacer-01-listener",
                "id": "/subscriptions/aed89e0f-50a1-41dc-9c1a-0130ece74902/resourceGroups/rg-dev-codepacer-01/providers/Microsoft.Network/applicationGateways/app-gateway-dev-codepacer-01/requestRoutingRules/vnet-dev-codepacer-01-rule",
                "name": "vnet-dev-codepacer-01-rule",
                "priority": 5,
                "redirect_configuration_id": "",
                "redirect_configuration_name": "",
                "rewrite_rule_set_id": "",
                "rewrite_rule_set_name": "",
                "rule_type": "Basic",
                "url_path_map_id": "",
                "url_path_map_name": ""
              }
            ],
            "resource_group_name": "rg-dev-codepacer-01",
            "rewrite_rule_set": [],
            "sku": [
              {
                "capacity": 1,
                "name": "Standard_v2",
                "tier": "Standard_v2"
              }
            ],
            "ssl_certificate": [
              {
                "data": "",
                "id": "/subscriptions/aed89e0f-50a1-41dc-9c1a-0130ece74902/resourceGroups/rg-dev-codepacer-01/providers/Microsoft.Network/applicationGateways/app-gateway-dev-codepacer-01/sslCertificates/cert-dev-codepacer-01",
                "key_vault_secret_id": "https://kv-dev-codepacer-01.vault.azure.net/secrets/cert-dev-codepacer-01/44929f151fd8421c9745a6f5b765266e",
                "name": "cert-dev-codepacer-01",
                "password": "",
                "public_cert_data": ""
              }
            ],
            "ssl_policy": [
              {
                "cipher_suites": [],
                "disabled_protocols": [],
                "min_protocol_version": "",
                "policy_name": "AppGwSslPolicy20150501",
                "policy_type": "Predefined"
              }
            ],
            "ssl_profile": [],
            "tags": null,
            "timeouts": null,
            "trusted_client_certificate": [],
            "trusted_root_certificate": [],
            "url_path_map": [],
            "waf_configuration": [],
            "zones": [
              "1"
            ]
          },
          "sensitive_attributes": [
            [
              {
                "type": "get_attr",
                "value": "ssl_certificate"
              }
            ]
          ],
          "private": "eyJlMmJmYjczMC1lY2FhLTExZTYtOGY4OC0zNDM2M2JjN2M0YzAiOnsiY3JlYXRlIjo1NDAwMDAwMDAwMDAwLCJkZWxldGUiOjU0MDAwMDAwMDAwMDAsInJlYWQiOjMwMDAwMDAwMDAwMCwidXBkYXRlIjo1NDAwMDAwMDAwMDAwfX0=",
          "dependencies": [
            "azurerm_key_vault.key_vault",
            "azurerm_key_vault_access_policy.access_policy_agw",
            "azurerm_key_vault_access_policy.access_policy_builder",
            "azurerm_key_vault_certificate.certificate",
            "azurerm_public_ip.public_ip",
            "azurerm_resource_group.resource_group",
            "azurerm_service_plan.service_plan",
            "azurerm_subnet.subnet",
            "azurerm_user_assigned_identity.managed_identity",
            "azurerm_virtual_network.vnet",
            "azurerm_windows_web_app.web_app",
            "data.azurerm_client_config.current"
          ]
        }
      ]
    },
    {
      "mode": "managed",
      "type": "azurerm_key_vault",
      "name": "key_vault",
      "provider": "provider[\"registry.terraform.io/hashicorp/azurerm\"]",
      "instances": [
        {
          "schema_version": 2,
          "attributes": {
            "access_policy": [],
            "contact": [],
            "enable_rbac_authorization": false,
            "enabled_for_deployment": false,
            "enabled_for_disk_encryption": false,
            "enabled_for_template_deployment": false,
            "id": "/subscriptions/aed89e0f-50a1-41dc-9c1a-0130ece74902/resourceGroups/rg-dev-codepacer-01/providers/Microsoft.KeyVault/vaults/kv-dev-codepacer-01",
            "location": "eastus",
            "name": "kv-dev-codepacer-01",
            "network_acls": [
              {
                "bypass": "AzureServices",
                "default_action": "Allow",
                "ip_rules": [],
                "virtual_network_subnet_ids": []
              }
            ],
            "public_network_access_enabled": true,
            "purge_protection_enabled": false,
            "resource_group_name": "rg-dev-codepacer-01",
            "sku_name": "standard",
            "soft_delete_retention_days": 7,
            "tags": null,
            "tenant_id": "31d322e2-769f-471d-8adc-ea66a196ddcf",
            "timeouts": null,
            "vault_uri": "https://kv-dev-codepacer-01.vault.azure.net/"
          },
          "sensitive_attributes": [],
          "private": "eyJlMmJmYjczMC1lY2FhLTExZTYtOGY4OC0zNDM2M2JjN2M0YzAiOnsiY3JlYXRlIjoxODAwMDAwMDAwMDAwLCJkZWxldGUiOjE4MDAwMDAwMDAwMDAsInJlYWQiOjMwMDAwMDAwMDAwMCwidXBkYXRlIjoxODAwMDAwMDAwMDAwfSwic2NoZW1hX3ZlcnNpb24iOiIyIn0=",
          "dependencies": [
            "azurerm_resource_group.resource_group",
            "data.azurerm_client_config.current"
          ]
        }
      ]
    },
    {
      "mode": "managed",
      "type": "azurerm_key_vault_access_policy",
      "name": "access_policy_agw",
      "provider": "provider[\"registry.terraform.io/hashicorp/azurerm\"]",
      "instances": [
        {
          "schema_version": 0,
          "attributes": {
            "application_id": null,
            "certificate_permissions": null,
            "id": "/subscriptions/aed89e0f-50a1-41dc-9c1a-0130ece74902/resourceGroups/rg-dev-codepacer-01/providers/Microsoft.KeyVault/vaults/kv-dev-codepacer-01/objectId/ed14822f-bc28-497f-9b72-23cd98f8dd96",
            "key_permissions": null,
            "key_vault_id": "/subscriptions/aed89e0f-50a1-41dc-9c1a-0130ece74902/resourceGroups/rg-dev-codepacer-01/providers/Microsoft.KeyVault/vaults/kv-dev-codepacer-01",
            "object_id": "ed14822f-bc28-497f-9b72-23cd98f8dd96",
            "secret_permissions": [
              "Get"
            ],
            "storage_permissions": null,
            "tenant_id": "31d322e2-769f-471d-8adc-ea66a196ddcf",
            "timeouts": null
          },
          "sensitive_attributes": [],
          "private": "eyJlMmJmYjczMC1lY2FhLTExZTYtOGY4OC0zNDM2M2JjN2M0YzAiOnsiY3JlYXRlIjoxODAwMDAwMDAwMDAwLCJkZWxldGUiOjE4MDAwMDAwMDAwMDAsInJlYWQiOjMwMDAwMDAwMDAwMCwidXBkYXRlIjoxODAwMDAwMDAwMDAwfX0=",
          "dependencies": [
            "azurerm_key_vault.key_vault",
            "azurerm_resource_group.resource_group",
            "azurerm_user_assigned_identity.managed_identity",
            "data.azurerm_client_config.current"
          ]
        }
      ]
    },
    {
      "mode": "managed",
      "type": "azurerm_key_vault_access_policy",
      "name": "access_policy_builder",
      "provider": "provider[\"registry.terraform.io/hashicorp/azurerm\"]",
      "instances": [
        {
          "schema_version": 0,
          "attributes": {
            "application_id": null,
            "certificate_permissions": [
              "Backup",
              "Create",
              "Delete",
              "DeleteIssuers",
              "Get",
              "GetIssuers",
              "Import",
              "List",
              "ListIssuers",
              "ManageContacts",
              "ManageIssuers",
              "Purge",
              "Recover",
              "Restore",
              "SetIssuers",
              "Update"
            ],
            "id": "/subscriptions/aed89e0f-50a1-41dc-9c1a-0130ece74902/resourceGroups/rg-dev-codepacer-01/providers/Microsoft.KeyVault/vaults/kv-dev-codepacer-01/objectId/f4a711b6-30ef-4e4e-99bc-4fd0373df6e7",
            "key_permissions": [
              "Backup",
              "Create",
              "Decrypt",
              "Delete",
              "Encrypt",
              "Get",
              "Import",
              "List",
              "Purge",
              "Recover",
              "Restore",
              "Sign",
              "UnwrapKey",
              "Update",
              "Verify",
              "WrapKey",
              "Release",
              "Rotate",
              "GetRotationPolicy",
              "SetRotationPolicy"
            ],
            "key_vault_id": "/subscriptions/aed89e0f-50a1-41dc-9c1a-0130ece74902/resourceGroups/rg-dev-codepacer-01/providers/Microsoft.KeyVault/vaults/kv-dev-codepacer-01",
            "object_id": "f4a711b6-30ef-4e4e-99bc-4fd0373df6e7",
            "secret_permissions": [
              "Backup",
              "Delete",
              "Get",
              "List",
              "Purge",
              "Recover",
              "Restore",
              "Set"
            ],
            "storage_permissions": null,
            "tenant_id": "31d322e2-769f-471d-8adc-ea66a196ddcf",
            "timeouts": null
          },
          "sensitive_attributes": [],
          "private": "eyJlMmJmYjczMC1lY2FhLTExZTYtOGY4OC0zNDM2M2JjN2M0YzAiOnsiY3JlYXRlIjoxODAwMDAwMDAwMDAwLCJkZWxldGUiOjE4MDAwMDAwMDAwMDAsInJlYWQiOjMwMDAwMDAwMDAwMCwidXBkYXRlIjoxODAwMDAwMDAwMDAwfX0=",
          "dependencies": [
            "azurerm_key_vault.key_vault",
            "azurerm_resource_group.resource_group",
            "data.azurerm_client_config.current"
          ]
        }
      ]
    },
    {
      "mode": "managed",
      "type": "azurerm_key_vault_certificate",
      "name": "certificate",
      "provider": "provider[\"registry.terraform.io/hashicorp/azurerm\"]",
      "instances": [
        {
          "schema_version": 0,
          "attributes": {
            "certificate": [
              {
                "contents": "MIINpAIBAzCCDWAGCSqGSIb3DQEHAaCCDVEEgg1NMIINSTCCBhoGCSqGSIb3DQEHAaCCBgsEggYHMIIGAzCCBf8GCyqGSIb3DQEMCgECoIIE9jCCBPIwHAYKKoZIhvcNAQwBAzAOBAjAZHfbcLJktwICB9AEggTQ+ZZn3JlQEHmfvy/vMqGuZrT4rsaXec7pClUpgKDk63jSNn6EHhclWIQYbiRS1aOIcgBMCLKlmSGpqY5wnv3Bh/Y+pUix17LDqplK/Cp7/7+3boPiBt12sSEFDD0LRhilFQU9TuLjKyivDSnS9gx6zaAvZ1/deSfK9f2l0ueXo7sSAMy3hd+JE+FfvPrEfIVCWNfd3heVDTj4Sx9KpgYHdM9vSYEMXgpKoQy8qZmKmFoKHguefzcZ78d8BYOEt1KODdvjkL+ro4ocuXYjfTpJqwAzKi7L+jRnUt4QxZ77Ax66VUwZUnz7o/2EO8HurxSV2ZNgMddIxd95Hn8+IOaIJkWmluFCoJj+aIl+K6aEkdWbHXnFgO3um+XBaGZrUbTrVTOkD3LrPHCf09SLp3u6f5m3RkIbo3EMCEO3UEYlbZ75Wr3BiD2bR9VGt7QjDztaZGlv1vkSsZ3hT+GuaT+OhUeaPHbO0GMH8aegGpY6U2TKLVjfz+47TpzHDe55x73hyGd9ZaJ8/bNExBz20yc1U/k6KQRt+MyBVQdImwSdDxtlwVf23aS2o5nvYdAThc64onceERABkajxfk62f9wHm2zEvZN5EO4ZdtEt2bBBEmR5wpL1YPs0AWXTLejiBbT98+DITkNUCd8rbqu/9IKnPBsOd6jUL6MDPCCNfWQpk8NzP5C5TKuDkGdUGEckW31VUgaULAnaA9kPQtVikge0cam+uMxneFC2QGyyk7iwc+ZSdaXEiM1QIT3iFZ+uChFcuaioIs9cWw7/zXjubg20077HwCMblobcDPJz+EYr5KJ8ke2zLZvXtq/eELJNDvgTP3RGEBcrLFWg+VdFrLf8rTKLBJXdlEO/dWUfoY6iG3UPh86DP/NsC9XFXz7HP7Cp0Xw35bWeDHRW93Jcxf4rYcp4THLhqD8XeBT8kFTZKpIywftgrwbu4x82SMvYkMnvh03BNhSLTZA1L3F1Ns6H8JEY7Q9MyaqUspuExBqdcP+19R/g0ztY2C2FsCtSy7vvhvb/dfXjpjS0Kdoy4feJ8EcGDVbSYUzOdHToZG0yvA82YC8l5qZXq9tRkQeQz0SFJr4zW4/L4LyB1oN6GWtcgx4rMX8GsGj2eI3zLKeh51voRPVGpKvFohxYM1ljTbuZn8K9QhCB/LcGBsU73emrgkz85WsBr/ggdYGPnrqrS7nDNy/mvF6kyg+J1kNGEfe8ivxgYtlV/qOsBeuoYpe2PBfmSxbj7wfikimXamrVC5JM5q8gJf/GDoWidnBjt3JCLgPxfMOxZ7rX4eguwoZyHtUkHdUwhv3TMIwrpCZH9AuI2h0sbGYeH5zSNcP+uFoPRfapHSrpdEzBjZSE3PwWHPUE/JOk5RmrGdriShde//NoNRmyjL3/Mk1Ai/l3jk4Id6KEgoeFY9q7lGnuhp4rTW5pFdF/04Tp6GlAkWmWE/VRDCWvSkJ6m3y1G6qnLV01LSg6/WTZDd2im+rL2/Z+4rMJIuXfatafuCVXmulgHsR/aAboldH4IHkWp7TMB0m9LEOveBXE3tT3hUT5U78i/e9uRVfy+msOAqjK3D475mescxPx4MJPTB5VmsxHmdwplmgA+OkDY3hrd3j27iyNkCZenTKoaVa7FJ75TOk2bnAxgfUwEwYJKoZIhvcNAQkVMQYEBAEAAAAwXQYJKwYBBAGCNxEBMVAeTgBNAGkAYwByAG8AcwBvAGYAdAAgAFMAdAByAG8AbgBnACAAQwByAHkAcAB0AG8AZwByAGEAcABoAGkAYwAgAFAAcgBvAHYAaQBkAGUAcjB/BgkqhkiG9w0BCRQxch5wACEAMAAwADIAYQAuAGMAbwBkAGUAcABhAGMAZQByAC4AYwBvAG0ALQBkAGYAMAA3AGYAZQBhADUALQA2ADAAMwBjAC0ANAAzADAAYwAtADkANgAyAGMALQBjAGIANwBhAGUAOAA1AGEANQBjADAAMTCCBycGCSqGSIb3DQEHBqCCBxgwggcUAgEAMIIHDQYJKoZIhvcNAQcBMBwGCiqGSIb3DQEMAQMwDgQIJhno8+QgvMUCAgfQgIIG4GxSdBgYqQKJP+HFrVcsAcpQ5rOK4UkHm+keR51iLtpYXUF08+eMi7HQ1Nx7pDQO5u+cQE+cA4nW/DJcM+sQuyBxvZZzD4sgtL9xa0zIaTY9ZcOlYdfO37Ah7Oem7lyaGjGm3aHZtjbuPcw/Z65PMMoM3YsOG4AnX5Tpb6KzOYdGCGmAPQp5xQKUI2L9Ay4N2OmC+YiVyhQnGTR6mrIPBii/XRc+HhQtXLvHF+dM29T85eqKjTbtgzn1SQq2qIUAD5uUkznN5XAVg5Q5350n7BDH6TxKiFmMYu4jyUr2/b1x9Hrdm2P8hvFmDZu71sQQMOYhQt8QE7FHrniFlr5tOJZbvKJH/4kUokqQFjy7EX3Xr1EUlbnJY5VUrRVdp7UCAp52ugX24xw/PZ9B45hxfPmv6dankiNC/VNPVWgd1Rw7G2o4ogm9Y1HULL10M4H4CN23c77uG905sSn+wGKvTZu3vvyUbvH4KhwyMQAIvSD/fuFkL/TGnobtFPwUePAdqNgGNYucCAE+ApGq38boZBoz/NAq9AEaENBmKFW9lCSUR8NVDmPo5im0Om9Z6HVLx3e593Fqm/xOkyDX3c/KMpFHJ8bhja7UUu5UsTtmp2Zep8qAdZfshlq5gFVieo8tRcvC4z6AbE7+EtElfvt9UFiMTVzKdrvRDmh9059JKx/AlAUq6+pOLiDS2uZ0ehCXfFuNLEhDl7mJrXzazl+DnSuYfs2Yks89bmY1JNhXJPp3pe/z1m8xZv35KtyVf9jiabS8V+whd36UKQULUW7gaA2EbemViQoO5ci2yMUHJrizn5cnXt3hHS50OpXtn+zDHoG4jgzB9c/IaeMlugmukM1jFjv02hndn+rEMuSUnEwOdOIOQA1z+DUEO0q+10GPlbdP8NsXwUOaw92yYD7wVeGDP2Bqp1s0mbxAaxeeJ3H6YOa6wsLF1m3mpyx5YP1DVV/giOHOgc4LWd0XQAGS16D6XUd5ErzISX9E/wKnc4TeWcZimwyram6XCR7+2L+t1sklMhTt3dc35DBirIargFZidfhoSby53RmEODIO4g/xLK8URqTuPg3NN8sZpRkXoSlRcnjQn1prUg6MZf3ns5eSJZZUocmTO5gwhEjnyMhf18MRArNJNX5niEj6r6VnRm5t5CxuJBfRPHLrX3ViKZiMpIXXWeC0YpYt4jjlfJ0bVLyUpYUxUx58PP4vkUzh6V9sHnTpLAEnD1pronsGt0rObvnxcEZ3e6KktRhkxOExSm/99x79q243Pxt2rS8uIu23Goott634GLqrTaMw4w/e6MmyuE4s8Le/swuMszjfEU3nbkEoCMsO1tGUFCpppoScWshLB0svcO38Y2bFUf5U2Y3svlKL9txRY+p/Lm991BaR/KdfpDPAYokBOeQEXKMwhF1nwOsCxtFao789VIhpojFDP7kp78TGZYurjLIONdRU0+/3t1ynP3ri84r9ALOCn6PIuYOcoQ9bkHCgqvMYjjNgLZ8pcKtkZT1qbDj3ajt2a8xkZELtEeY9EeLF5SLjL8a0ehX+xrBhj8b+3lRYBkj3T94XrB006W2qTDDrL0sg+4XeA81alv5AAsI3DsjK2/203ps1P3giXFAhfDKdKu9n/f21o/uUikAzs+on0pKShTICo973Q8cMH6d3nyqPZzxwqT1cL1n8/jVbCVZSzrYxJPAnLeutu8G0fKoPE7PrqxCmk8/PH7G3f8QI3qG1fKYYgRRbIi079kTrdePW8x+OZ0G/7ad7KMG8rhv6Xp7tD2TA2knDG6piQgjebV+vP/mLbggmW5glEcVFbjL/m3Vin/vyLWIkTwf0N6wDQfODqaFEvH/JGDvvNqzkh/9cFZ36Pff4h6Ggc1nRqgtLwo80xAaS6Of2wq5xy2pErSE/lhDkGVuud8MfroIYnC//fbW1jZRxzQ6mnI4IXOuUvvFwesWEXJ0e286vP65RRvSwCfBPTL2KRptJF7mnADpaiVA/HFCcnL1NWjJPIJ6ndWPkGakQM+/VE9PThYQVzqxvGA6wKInOLAaYtdrs1fiLdkvilhSMY6/DCcaCXgQpIp6z3HcTX7YXrJsTvvmkFIpqoqvzf0LgZaMO9D6JkIY3TO3G/fhWz8P4Qf9cMYh3IVmkMRifPCBhHPzcZR0UQJJv1m+AiqY5YGuXS34UGT7X+lmsl5FUh/lGIi74oad2LiTpg/mY7NSPtxu80IyFORmykYI/vcEqbrJnpVSxnI7u099BNKrGzQhGSIDaoYiXL0j59IljCymLXcbHttf0+SlGn99Y+TWd/xa1iq5jWndhGIw2gLqQO5SJMiihAKubnflV4eX8sIxEM5Ismaz3MDswHzAHBgUrDgMCGgQU1r+NLeACdtACmwc2x1KigbOiu70EFK71Rdtx41EsFvjuPpHvooHufZTgAgIH0A==",
                "password": "zBlagh1z_21!"
              }
            ],
            "certificate_attribute": [
              {
                "created": "2024-04-29T23:15:30Z",
                "enabled": true,
                "expires": "2024-06-21T22:53:21Z",
                "not_before": "2023-05-21T22:53:21Z",
                "recovery_level": "CustomizedRecoverable+Purgeable",
                "updated": "2024-04-29T23:15:30Z"
              }
            ],
            "certificate_data": "3082069130820579A003020102020865C60B88209F356B300D06092A864886F70D01010B05003081B4310B30090603550406130255533110300E060355040813074172697A6F6E61311330110603550407130A53636F74747364616C65311A3018060355040A1311476F44616464792E636F6D2C20496E632E312D302B060355040B1324687474703A2F2F63657274732E676F64616464792E636F6D2F7265706F7369746F72792F313330310603550403132A476F2044616464792053656375726520436572746966696361746520417574686F72697479202D204732301E170D3233303532313232353332315A170D3234303632313232353332315A301A3118301606035504030C0F2A2E636F646570616365722E636F6D30820122300D06092A864886F70D01010105000382010F003082010A0282010100D96FF8A97C7F3920A455A2B6C9E88638B64262FBFBEE0C63E567150AB5F50556E6681CB7BC7142050FF3ADECAE7A8DA184A6282473C53D5DEDC9FAC7ACB69C23115615AA21510828825A11ADD88F0B5F1C8539C28D238B0DF4F5C8491B7CDB11CE2F093C578931AED3316FA41024D35C6489ED6CC9EEFCACC7B1509203EACB9DFA068C6E2BB80B6D5E90B87A1CF6C3D6E9E2A5A433D58441A670AFBFE8E635008085CADA16F5C4F7E387638A1887C85C8C67FBA7F80860E1C7B2F8F0182491287711B9B4D0778F9401DBC774DB9B121DDE486A257C2E90756E881BF25CD9C92525B223E92C109295690DCD4772BE87676B14009164D00A90107DBF1BA520076F0203010001A382033E3082033A300C0603551D130101FF04023000301D0603551D250416301406082B0601050507030106082B06010505070302300E0603551D0F0101FF0404030205A030380603551D1F0431302F302DA02BA0298627687474703A2F2F63726C2E676F64616464792E636F6D2F676469673273312D353739302E63726C305D0603551D20045630543048060B6086480186FD6D010717013039303706082B06010505070201162B687474703A2F2F6365727469666963617465732E676F64616464792E636F6D2F7265706F7369746F72792F3008060667810C010201307606082B06010505070101046A3068302406082B060105050730018618687474703A2F2F6F6373702E676F64616464792E636F6D2F304006082B060105050730028634687474703A2F2F6365727469666963617465732E676F64616464792E636F6D2F7265706F7369746F72792F67646967322E637274301F0603551D2304183016801440C2BD278ECC348330A233D7FB6CB3F0B42C80CE30290603551D1104223020820F2A2E636F646570616365722E636F6D820D636F646570616365722E636F6D301D0603551D0E04160414E54528EC7E1B32517448AD60807258684A0B75613082017D060A2B06010401D6790204020482016D048201690167007600EECDD064D5DB1ACEC55CB79DB4CD13A23287467CBCECDEC351485946711FB59B00000188408472650000040300473045022100BDC3471D8FB9C81EDB7715C9355C3F9924F10FB490FE062A3EAC4CD3EF61B27202204A3AD940E405869E383FDE280C1DEEA9CF08CCB4746CBA053EEE89AAB7E93C9D00750048B0E36BDAA647340FE56A02FA9D30EB1C5201CB56DD2C81D9BBBFAB39D88473000001884084733A000004030046304402203A5BED05700CDE04BD6CF0FBBFCD3B4E37DB852B12E52A7B1DB9DEC298DCFE1F02207C476D63A142CEBA3D426919730362188727E92208D813A1915C073F4391F79F007600DAB6BF6B3FB5B6229F9BC2BB5C6BE87091716CBB51848534BDA43D3048D7FBAB00000188408474190000040300473045022100D1D119A602A6F2BD885409C941116A432ECDD3BA5918A9F00B8793DABD0E844902206F56D11D03BB329ABDB2519AA40BD4971C051A0459371897D505CF20137E7C1B300D06092A864886F70D01010B05000382010100385EF0E38D7651CE76296FBB0261EDDCBB0387B49EBA8510637CD0A4D0E644C72681ADF81E0ADBE261F3848D7DC5637B8B16C5768827018B56C54BAC5CBB644F53F59529FAAFCFB167E8253D4794DDACDA633F61AD68D94C29C4954022E4D5C9E7DDD3BFA2E886BB2E8CFFF307B6FBE02B8FC848C3EEA06E2D186292E820A117C133601C9B5F7D63EF01C3DEC1C5BA29622890E087898ED0D942265B752C873D3C82F5A7D23C0D081506C70FCA334CB164C4037D0333A43DDA5B8046717FE2A01300B2D240918BED647BB900AB804DDDB0809A727D850CC893C024DBE356FB2CA921D61BCF8B9CFF5633E25ABB6F7E6A11631883F4466D83BB934289BC4D2C4A",
            "certificate_data_base64": "MIIGkTCCBXmgAwIBAgIIZcYLiCCfNWswDQYJKoZIhvcNAQELBQAwgbQxCzAJBgNVBAYTAlVTMRAwDgYDVQQIEwdBcml6b25hMRMwEQYDVQQHEwpTY290dHNkYWxlMRowGAYDVQQKExFHb0RhZGR5LmNvbSwgSW5jLjEtMCsGA1UECxMkaHR0cDovL2NlcnRzLmdvZGFkZHkuY29tL3JlcG9zaXRvcnkvMTMwMQYDVQQDEypHbyBEYWRkeSBTZWN1cmUgQ2VydGlmaWNhdGUgQXV0aG9yaXR5IC0gRzIwHhcNMjMwNTIxMjI1MzIxWhcNMjQwNjIxMjI1MzIxWjAaMRgwFgYDVQQDDA8qLmNvZGVwYWNlci5jb20wggEiMA0GCSqGSIb3DQEBAQUAA4IBDwAwggEKAoIBAQDZb/ipfH85IKRVorbJ6IY4tkJi+/vuDGPlZxUKtfUFVuZoHLe8cUIFD/Ot7K56jaGEpigkc8U9Xe3J+sestpwjEVYVqiFRCCiCWhGt2I8LXxyFOcKNI4sN9PXISRt82xHOLwk8V4kxrtMxb6QQJNNcZIntbMnu/KzHsVCSA+rLnfoGjG4ruAttXpC4ehz2w9bp4qWkM9WEQaZwr7/o5jUAgIXK2hb1xPfjh2OKGIfIXIxn+6f4CGDhx7L48BgkkSh3Ebm00HePlAHbx3TbmxId3khqJXwukHVuiBvyXNnJJSWyI+ksEJKVaQ3NR3K+h2drFACRZNAKkBB9vxulIAdvAgMBAAGjggM+MIIDOjAMBgNVHRMBAf8EAjAAMB0GA1UdJQQWMBQGCCsGAQUFBwMBBggrBgEFBQcDAjAOBgNVHQ8BAf8EBAMCBaAwOAYDVR0fBDEwLzAtoCugKYYnaHR0cDovL2NybC5nb2RhZGR5LmNvbS9nZGlnMnMxLTU3OTAuY3JsMF0GA1UdIARWMFQwSAYLYIZIAYb9bQEHFwEwOTA3BggrBgEFBQcCARYraHR0cDovL2NlcnRpZmljYXRlcy5nb2RhZGR5LmNvbS9yZXBvc2l0b3J5LzAIBgZngQwBAgEwdgYIKwYBBQUHAQEEajBoMCQGCCsGAQUFBzABhhhodHRwOi8vb2NzcC5nb2RhZGR5LmNvbS8wQAYIKwYBBQUHMAKGNGh0dHA6Ly9jZXJ0aWZpY2F0ZXMuZ29kYWRkeS5jb20vcmVwb3NpdG9yeS9nZGlnMi5jcnQwHwYDVR0jBBgwFoAUQMK9J47MNIMwojPX+2yz8LQsgM4wKQYDVR0RBCIwIIIPKi5jb2RlcGFjZXIuY29tgg1jb2RlcGFjZXIuY29tMB0GA1UdDgQWBBTlRSjsfhsyUXRIrWCAclhoSgt1YTCCAX0GCisGAQQB1nkCBAIEggFtBIIBaQFnAHYA7s3QZNXbGs7FXLedtM0TojKHRny87N7DUUhZRnEftZsAAAGIQIRyZQAABAMARzBFAiEAvcNHHY+5yB7bdxXJNVw/mSTxD7SQ/gYqPqxM0+9hsnICIEo62UDkBYaeOD/eKAwd7qnPCMy0dGy6BT7uiaq36TydAHUASLDja9qmRzQP5WoC+p0w6xxSActW3SyB2bu/qznYhHMAAAGIQIRzOgAABAMARjBEAiA6W+0FcAzeBL1s8Pu/zTtON9uFKxLlKnsdud7CmNz+HwIgfEdtY6FCzro9QmkZcwNiGIcn6SII2BOhkVwHP0OR958AdgDatr9rP7W2Ip+bwrtca+hwkXFsu1GEhTS9pD0wSNf7qwAAAYhAhHQZAAAEAwBHMEUCIQDR0RmmAqbyvYhUCclBEWpDLs3TulkYqfALh5PavQ6ESQIgb1bRHQO7Mpq9slGapAvUlxwFGgRZNxiX1QXPIBN+fBswDQYJKoZIhvcNAQELBQADggEBADhe8OONdlHOdilvuwJh7dy7A4e0nrqFEGN80KTQ5kTHJoGt+B4K2+Jh84SNfcVje4sWxXaIJwGLVsVLrFy7ZE9T9ZUp+q/PsWfoJT1HlN2s2mM/Ya1o2UwpxJVAIuTVyefd07+i6Ia7Loz/8we2++Arj8hIw+6gbi0YYpLoIKEXwTNgHJtffWPvAcPewcW6KWIokOCHiY7Q2UImW3Ushz08gvWn0jwNCBUGxw/KM0yxZMQDfQMzpD3aW4BGcX/ioBMAstJAkYvtZHu5AKuATd2wgJpyfYUMyJPAJNvjVvssqSHWG8+LnP9WM+Jau29+ahFjGIP0Rm2Du5NCibxNLEo=",
            "certificate_policy": [
              {
                "issuer_parameters": [
                  {
                    "name": "Unknown"
                  }
                ],
                "key_properties": [
                  {
                    "curve": "",
                    "exportable": true,
                    "key_size": 2048,
                    "key_type": "RSA",
                    "reuse_key": false
                  }
                ],
                "lifetime_action": [
                  {
                    "action": [
                      {
                        "action_type": "EmailContacts"
                      }
                    ],
                    "trigger": [
                      {
                        "days_before_expiry": 0,
                        "lifetime_percentage": 80
                      }
                    ]
                  }
                ],
                "secret_properties": [
                  {
                    "content_type": "application/x-pkcs12"
                  }
                ],
                "x509_certificate_properties": [
                  {
                    "extended_key_usage": [
                      "1.3.6.1.5.5.7.3.1",
                      "1.3.6.1.5.5.7.3.2"
                    ],
                    "key_usage": [
                      "digitalSignature",
                      "keyEncipherment"
                    ],
                    "subject": "CN=*.codepacer.com",
                    "subject_alternative_names": [
                      {
                        "dns_names": [
                          "*.codepacer.com",
                          "codepacer.com"
                        ],
                        "emails": [],
                        "upns": []
                      }
                    ],
                    "validity_in_months": 14
                  }
                ]
              }
            ],
            "id": "https://kv-dev-codepacer-01.vault.azure.net/certificates/cert-dev-codepacer-01/44929f151fd8421c9745a6f5b765266e",
            "key_vault_id": "/subscriptions/aed89e0f-50a1-41dc-9c1a-0130ece74902/resourceGroups/rg-dev-codepacer-01/providers/Microsoft.KeyVault/vaults/kv-dev-codepacer-01",
            "name": "cert-dev-codepacer-01",
            "resource_manager_id": "/subscriptions/aed89e0f-50a1-41dc-9c1a-0130ece74902/resourceGroups/rg-dev-codepacer-01/providers/Microsoft.KeyVault/vaults/kv-dev-codepacer-01/certificates/cert-dev-codepacer-01/versions/44929f151fd8421c9745a6f5b765266e",
            "resource_manager_versionless_id": "/subscriptions/aed89e0f-50a1-41dc-9c1a-0130ece74902/resourceGroups/rg-dev-codepacer-01/providers/Microsoft.KeyVault/vaults/kv-dev-codepacer-01/certificates/cert-dev-codepacer-01",
            "secret_id": "https://kv-dev-codepacer-01.vault.azure.net/secrets/cert-dev-codepacer-01/44929f151fd8421c9745a6f5b765266e",
            "tags": null,
            "thumbprint": "575A409CAA194A8AF99920FA8A70359A1A09D6B5",
            "timeouts": null,
            "version": "44929f151fd8421c9745a6f5b765266e",
            "versionless_id": "https://kv-dev-codepacer-01.vault.azure.net/certificates/cert-dev-codepacer-01",
            "versionless_secret_id": "https://kv-dev-codepacer-01.vault.azure.net/secrets/cert-dev-codepacer-01"
          },
          "sensitive_attributes": [
            [
              {
                "type": "get_attr",
                "value": "certificate"
              },
              {
                "type": "index",
                "value": {
                  "value": 0,
                  "type": "number"
                }
              },
              {
                "type": "get_attr",
                "value": "contents"
              }
            ],
            [
              {
                "type": "get_attr",
                "value": "certificate"
              },
              {
                "type": "index",
                "value": {
                  "value": 0,
                  "type": "number"
                }
              },
              {
                "type": "get_attr",
                "value": "password"
              }
            ]
          ],
          "private": "eyJlMmJmYjczMC1lY2FhLTExZTYtOGY4OC0zNDM2M2JjN2M0YzAiOnsiY3JlYXRlIjozNjAwMDAwMDAwMDAwLCJkZWxldGUiOjE4MDAwMDAwMDAwMDAsInJlYWQiOjE4MDAwMDAwMDAwMDAsInVwZGF0ZSI6MTgwMDAwMDAwMDAwMH19",
          "dependencies": [
            "azurerm_key_vault.key_vault",
            "azurerm_key_vault_access_policy.access_policy_agw",
            "azurerm_key_vault_access_policy.access_policy_builder",
            "azurerm_resource_group.resource_group",
            "azurerm_user_assigned_identity.managed_identity",
            "data.azurerm_client_config.current"
          ]
        }
      ]
    },
    {
      "mode": "managed",
      "type": "azurerm_public_ip",
      "name": "public_ip",
      "provider": "provider[\"registry.terraform.io/hashicorp/azurerm\"]",
      "instances": [
        {
          "schema_version": 0,
          "attributes": {
            "allocation_method": "Static",
            "ddos_protection_mode": "VirtualNetworkInherited",
            "ddos_protection_plan_id": null,
            "domain_name_label": null,
            "edge_zone": "",
            "fqdn": null,
            "id": "/subscriptions/aed89e0f-50a1-41dc-9c1a-0130ece74902/resourceGroups/rg-dev-codepacer-01/providers/Microsoft.Network/publicIPAddresses/pip-dev-codepacer-01",
            "idle_timeout_in_minutes": 4,
            "ip_address": "4.156.113.241",
            "ip_tags": null,
            "ip_version": "IPv4",
            "location": "eastus",
            "name": "pip-dev-codepacer-01",
            "public_ip_prefix_id": null,
            "resource_group_name": "rg-dev-codepacer-01",
            "reverse_fqdn": null,
            "sku": "Standard",
            "sku_tier": "Regional",
            "tags": null,
            "timeouts": null,
            "zones": [
              "1",
              "2",
              "3"
            ]
          },
          "sensitive_attributes": [],
          "private": "eyJlMmJmYjczMC1lY2FhLTExZTYtOGY4OC0zNDM2M2JjN2M0YzAiOnsiY3JlYXRlIjoxODAwMDAwMDAwMDAwLCJkZWxldGUiOjE4MDAwMDAwMDAwMDAsInJlYWQiOjMwMDAwMDAwMDAwMCwidXBkYXRlIjoxODAwMDAwMDAwMDAwfX0=",
          "dependencies": [
            "azurerm_resource_group.resource_group"
          ]
        }
      ]
    },
    {
      "mode": "managed",
      "type": "azurerm_resource_group",
      "name": "resource_group",
      "provider": "provider[\"registry.terraform.io/hashicorp/azurerm\"]",
      "instances": [
        {
          "schema_version": 0,
          "attributes": {
            "id": "/subscriptions/aed89e0f-50a1-41dc-9c1a-0130ece74902/resourceGroups/rg-dev-codepacer-01",
            "location": "eastus",
            "managed_by": "",
            "name": "rg-dev-codepacer-01",
            "tags": null,
            "timeouts": null
          },
          "sensitive_attributes": [],
          "private": "eyJlMmJmYjczMC1lY2FhLTExZTYtOGY4OC0zNDM2M2JjN2M0YzAiOnsiY3JlYXRlIjo1NDAwMDAwMDAwMDAwLCJkZWxldGUiOjU0MDAwMDAwMDAwMDAsInJlYWQiOjMwMDAwMDAwMDAwMCwidXBkYXRlIjo1NDAwMDAwMDAwMDAwfX0="
        }
      ]
    },
    {
      "mode": "managed",
      "type": "azurerm_service_plan",
      "name": "service_plan",
      "provider": "provider[\"registry.terraform.io/hashicorp/azurerm\"]",
      "instances": [
        {
          "schema_version": 1,
          "attributes": {
            "app_service_environment_id": "",
            "id": "/subscriptions/aed89e0f-50a1-41dc-9c1a-0130ece74902/resourceGroups/rg-dev-codepacer-01/providers/Microsoft.Web/serverFarms/app-service-plan-dev-codepacer-01",
            "kind": "app",
            "location": "eastus",
            "maximum_elastic_worker_count": 1,
            "name": "app-service-plan-dev-codepacer-01",
            "os_type": "Windows",
            "per_site_scaling_enabled": false,
            "reserved": false,
            "resource_group_name": "rg-dev-codepacer-01",
            "sku_name": "F1",
            "tags": null,
            "timeouts": null,
            "worker_count": 0,
            "zone_balancing_enabled": false
          },
          "sensitive_attributes": [],
          "private": "eyJlMmJmYjczMC1lY2FhLTExZTYtOGY4OC0zNDM2M2JjN2M0YzAiOnsiY3JlYXRlIjozNjAwMDAwMDAwMDAwLCJkZWxldGUiOjM2MDAwMDAwMDAwMDAsInJlYWQiOjMwMDAwMDAwMDAwMCwidXBkYXRlIjozNjAwMDAwMDAwMDAwfSwic2NoZW1hX3ZlcnNpb24iOiIxIn0=",
          "dependencies": [
            "azurerm_resource_group.resource_group"
          ]
        }
      ]
    },
    {
      "mode": "managed",
      "type": "azurerm_subnet",
      "name": "subnet",
      "provider": "provider[\"registry.terraform.io/hashicorp/azurerm\"]",
      "instances": [
        {
          "schema_version": 0,
          "attributes": {
            "address_prefixes": [
              "10.0.1.0/24"
            ],
            "delegation": [],
            "enforce_private_link_endpoint_network_policies": false,
            "enforce_private_link_service_network_policies": false,
            "id": "/subscriptions/aed89e0f-50a1-41dc-9c1a-0130ece74902/resourceGroups/rg-dev-codepacer-01/providers/Microsoft.Network/virtualNetworks/vnet-dev-codepacer-01/subnets/subnet-dev-codepacer-01",
            "name": "subnet-dev-codepacer-01",
            "private_endpoint_network_policies_enabled": true,
            "private_link_service_network_policies_enabled": true,
            "resource_group_name": "rg-dev-codepacer-01",
            "service_endpoint_policy_ids": null,
            "service_endpoints": null,
            "timeouts": null,
            "virtual_network_name": "vnet-dev-codepacer-01"
          },
          "sensitive_attributes": [],
          "private": "eyJlMmJmYjczMC1lY2FhLTExZTYtOGY4OC0zNDM2M2JjN2M0YzAiOnsiY3JlYXRlIjoxODAwMDAwMDAwMDAwLCJkZWxldGUiOjE4MDAwMDAwMDAwMDAsInJlYWQiOjMwMDAwMDAwMDAwMCwidXBkYXRlIjoxODAwMDAwMDAwMDAwfX0=",
          "dependencies": [
            "azurerm_resource_group.resource_group",
            "azurerm_virtual_network.vnet"
          ]
        }
      ]
    },
    {
      "mode": "managed",
      "type": "azurerm_user_assigned_identity",
      "name": "managed_identity",
      "provider": "provider[\"registry.terraform.io/hashicorp/azurerm\"]",
      "instances": [
        {
          "schema_version": 1,
          "attributes": {
            "client_id": "e5507adf-1aa2-4b83-a2e3-241913f80c95",
            "id": "/subscriptions/aed89e0f-50a1-41dc-9c1a-0130ece74902/resourceGroups/rg-dev-codepacer-01/providers/Microsoft.ManagedIdentity/userAssignedIdentities/mi-dev-codepacer-01",
            "location": "eastus",
            "name": "mi-dev-codepacer-01",
            "principal_id": "ed14822f-bc28-497f-9b72-23cd98f8dd96",
            "resource_group_name": "rg-dev-codepacer-01",
            "tags": null,
            "tenant_id": "31d322e2-769f-471d-8adc-ea66a196ddcf",
            "timeouts": null
          },
          "sensitive_attributes": [],
          "private": "eyJlMmJmYjczMC1lY2FhLTExZTYtOGY4OC0zNDM2M2JjN2M0YzAiOnsiY3JlYXRlIjoxODAwMDAwMDAwMDAwLCJkZWxldGUiOjE4MDAwMDAwMDAwMDAsInJlYWQiOjMwMDAwMDAwMDAwMCwidXBkYXRlIjoxODAwMDAwMDAwMDAwfSwic2NoZW1hX3ZlcnNpb24iOiIxIn0=",
          "dependencies": [
            "azurerm_resource_group.resource_group"
          ]
        }
      ]
    },
    {
      "mode": "managed",
      "type": "azurerm_virtual_network",
      "name": "vnet",
      "provider": "provider[\"registry.terraform.io/hashicorp/azurerm\"]",
      "instances": [
        {
          "schema_version": 0,
          "attributes": {
            "address_space": [
              "10.0.0.0/16"
            ],
            "bgp_community": "",
            "ddos_protection_plan": [],
            "dns_servers": [],
            "edge_zone": "",
            "encryption": [],
            "flow_timeout_in_minutes": 0,
            "guid": "b89da33a-a9b0-4b79-94f1-929a03f0053c",
            "id": "/subscriptions/aed89e0f-50a1-41dc-9c1a-0130ece74902/resourceGroups/rg-dev-codepacer-01/providers/Microsoft.Network/virtualNetworks/vnet-dev-codepacer-01",
            "location": "eastus",
            "name": "vnet-dev-codepacer-01",
            "resource_group_name": "rg-dev-codepacer-01",
            "subnet": [],
            "tags": null,
            "timeouts": null
          },
          "sensitive_attributes": [],
          "private": "eyJlMmJmYjczMC1lY2FhLTExZTYtOGY4OC0zNDM2M2JjN2M0YzAiOnsiY3JlYXRlIjoxODAwMDAwMDAwMDAwLCJkZWxldGUiOjE4MDAwMDAwMDAwMDAsInJlYWQiOjMwMDAwMDAwMDAwMCwidXBkYXRlIjoxODAwMDAwMDAwMDAwfX0=",
          "dependencies": [
            "azurerm_resource_group.resource_group"
          ]
        }
      ]
    },
    {
      "mode": "managed",
      "type": "azurerm_windows_web_app",
      "name": "web_app",
      "provider": "provider[\"registry.terraform.io/hashicorp/azurerm\"]",
      "instances": [
        {
          "schema_version": 1,
          "attributes": {
            "app_settings": null,
            "auth_settings": [],
            "auth_settings_v2": [],
            "backup": [],
            "client_affinity_enabled": true,
            "client_certificate_enabled": false,
            "client_certificate_exclusion_paths": "",
            "client_certificate_mode": "Required",
            "connection_string": [],
            "custom_domain_verification_id": "477ECAFEBD668536337D236BBA7A00306AA42070B2E04FF56C9D311E06881821",
            "default_hostname": "app-dev-codepacer-01.azurewebsites.net",
            "enabled": true,
            "ftp_publish_basic_authentication_enabled": false,
            "hosting_environment_id": "",
            "https_only": true,
            "id": "/subscriptions/aed89e0f-50a1-41dc-9c1a-0130ece74902/resourceGroups/rg-dev-codepacer-01/providers/Microsoft.Web/sites/app-dev-codepacer-01",
            "identity": [],
            "key_vault_reference_identity_id": "SystemAssigned",
            "kind": "app",
            "location": "eastus",
            "logs": [],
            "name": "app-dev-codepacer-01",
            "outbound_ip_address_list": [
              "20.124.140.236",
              "20.124.140.239",
              "20.124.141.6",
              "20.124.141.31",
              "20.124.141.56",
              "20.124.141.64",
              "20.119.8.22"
            ],
            "outbound_ip_addresses": "20.124.140.236,20.124.140.239,20.124.141.6,20.124.141.31,20.124.141.56,20.124.141.64,20.119.8.22",
            "possible_outbound_ip_address_list": [
              "20.124.140.236",
              "20.124.140.239",
              "20.124.141.6",
              "20.124.141.31",
              "20.124.141.56",
              "20.124.141.64",
              "20.124.141.81",
              "20.124.141.120",
              "20.124.141.143",
              "20.124.141.163",
              "20.124.141.184",
              "20.124.141.198",
              "20.124.141.229",
              "20.124.142.11",
              "20.124.142.43",
              "20.124.142.56",
              "20.124.142.70",
              "20.124.142.76",
              "20.124.142.85",
              "20.124.142.93",
              "20.81.3.250",
              "20.124.142.111",
              "20.124.142.150",
              "20.124.142.173",
              "20.124.143.39",
              "20.124.143.43",
              "20.124.143.65",
              "20.124.143.78",
              "20.124.143.94",
              "20.124.143.137",
              "20.119.8.22"
            ],
            "possible_outbound_ip_addresses": "20.124.140.236,20.124.140.239,20.124.141.6,20.124.141.31,20.124.141.56,20.124.141.64,20.124.141.81,20.124.141.120,20.124.141.143,20.124.141.163,20.124.141.184,20.124.141.198,20.124.141.229,20.124.142.11,20.124.142.43,20.124.142.56,20.124.142.70,20.124.142.76,20.124.142.85,20.124.142.93,20.81.3.250,20.124.142.111,20.124.142.150,20.124.142.173,20.124.143.39,20.124.143.43,20.124.143.65,20.124.143.78,20.124.143.94,20.124.143.137,20.119.8.22",
            "public_network_access_enabled": true,
            "resource_group_name": "rg-dev-codepacer-01",
            "service_plan_id": "/subscriptions/aed89e0f-50a1-41dc-9c1a-0130ece74902/resourceGroups/rg-dev-codepacer-01/providers/Microsoft.Web/serverFarms/app-service-plan-dev-codepacer-01",
            "site_config": [
              {
                "always_on": false,
                "api_definition_url": "",
                "api_management_api_id": "",
                "app_command_line": "",
                "application_stack": [
                  {
                    "current_stack": "dotnet",
                    "docker_container_name": "",
                    "docker_container_registry": "",
                    "docker_container_tag": "",
                    "docker_image_name": "",
                    "docker_registry_password": "",
                    "docker_registry_url": "",
                    "docker_registry_username": "",
                    "dotnet_core_version": "",
                    "dotnet_version": "v6.0",
                    "java_container": "",
                    "java_container_version": "",
                    "java_embedded_server_enabled": false,
                    "java_version": "",
                    "node_version": "",
                    "php_version": "5.6",
                    "python": false,
                    "python_version": "",
                    "tomcat_version": ""
                  }
                ],
                "auto_heal_enabled": false,
                "auto_heal_setting": [],
                "container_registry_managed_identity_client_id": "",
                "container_registry_use_managed_identity": false,
                "cors": [],
                "default_documents": [
                  "Default.htm",
                  "Default.html",
                  "Default.asp",
                  "index.htm",
                  "index.html",
                  "iisstart.htm",
                  "default.aspx",
                  "index.php",
                  "hostingstart.html"
                ],
                "detailed_error_logging_enabled": false,
                "ftps_state": "FtpsOnly",
                "handler_mapping": [],
                "health_check_eviction_time_in_min": 0,
                "health_check_path": "",
                "http2_enabled": false,
                "ip_restriction": [],
                "ip_restriction_default_action": "Allow",
                "linux_fx_version": "",
                "load_balancing_mode": "LeastRequests",
                "local_mysql_enabled": false,
                "managed_pipeline_mode": "Integrated",
                "minimum_tls_version": "1.2",
                "remote_debugging_enabled": false,
                "remote_debugging_version": "VS2019",
                "scm_ip_restriction": [],
                "scm_ip_restriction_default_action": "Allow",
                "scm_minimum_tls_version": "1.2",
                "scm_type": "None",
                "scm_use_main_ip_restriction": false,
                "use_32_bit_worker": true,
                "virtual_application": [],
                "vnet_route_all_enabled": false,
                "websockets_enabled": false,
                "windows_fx_version": "",
                "worker_count": 1
              }
            ],
            "site_credential": [
              {
                "name": "$app-dev-codepacer-01",
                "password": "pvTfMkr3drlHaikFBttgT8DXbqwoLi1AYDlTGyuR5YMbjBEJdEv9qhrLlAXn"
              }
            ],
            "sticky_settings": [],
            "storage_account": [],
            "tags": null,
            "timeouts": null,
            "virtual_network_subnet_id": "",
            "webdeploy_publish_basic_authentication_enabled": false,
            "zip_deploy_file": ""
          },
          "sensitive_attributes": [
            [
              {
                "type": "get_attr",
                "value": "custom_domain_verification_id"
              }
            ],
            [
              {
                "type": "get_attr",
                "value": "site_credential"
              }
            ],
            [
              {
                "type": "get_attr",
                "value": "site_config"
              },
              {
                "type": "index",
                "value": {
                  "value": 0,
                  "type": "number"
                }
              },
              {
                "type": "get_attr",
                "value": "application_stack"
              },
              {
                "type": "index",
                "value": {
                  "value": 0,
                  "type": "number"
                }
              },
              {
                "type": "get_attr",
                "value": "docker_registry_password"
              }
            ]
          ],
          "private": "eyJlMmJmYjczMC1lY2FhLTExZTYtOGY4OC0zNDM2M2JjN2M0YzAiOnsiY3JlYXRlIjoxODAwMDAwMDAwMDAwLCJkZWxldGUiOjE4MDAwMDAwMDAwMDAsInJlYWQiOjMwMDAwMDAwMDAwMCwidXBkYXRlIjoxODAwMDAwMDAwMDAwfSwic2NoZW1hX3ZlcnNpb24iOiIxIn0=",
          "dependencies": [
            "azurerm_resource_group.resource_group",
            "azurerm_service_plan.service_plan"
          ]
        }
      ]
    }
  ],
  "check_results": null
}
